// !$*UTF8*$!
{
	archiveVersion = 1;
	classes = {
	};
	objectVersion = 56;
	objects = {

/* Begin PBXBuildFile section */
		873975BE2CC1A0690022D8D1 /* ReverbDelayCalculatorApp.swift in Sources */ = {isa = PBXBuildFile; fileRef = 873975BD2CC1A0690022D8D1 /* ReverbDelayCalculatorApp.swift */; };
		873975C02CC1A0690022D8D1 /* ContentView.swift in Sources */ = {isa = PBXBuildFile; fileRef = 873975BF2CC1A0690022D8D1 /* ContentView.swift */; };
		873975C22CC1A06A0022D8D1 /* Assets.xcassets in Resources */ = {isa = PBXBuildFile; fileRef = 873975C12CC1A06A0022D8D1 /* Assets.xcassets */; };
		873975C52CC1A06A0022D8D1 /* Preview Assets.xcassets in Resources */ = {isa = PBXBuildFile; fileRef = 873975C42CC1A06A0022D8D1 /* Preview Assets.xcassets */; };
		873975CF2CC1A06A0022D8D1 /* ReverbDelayCalculatorTests.swift in Sources */ = {isa = PBXBuildFile; fileRef = 873975CE2CC1A06A0022D8D1 /* ReverbDelayCalculatorTests.swift */; };
		873975D92CC1A06B0022D8D1 /* ReverbDelayCalculatorUITests.swift in Sources */ = {isa = PBXBuildFile; fileRef = 873975D82CC1A06B0022D8D1 /* ReverbDelayCalculatorUITests.swift */; };
		873975DB2CC1A06B0022D8D1 /* ReverbDelayCalculatorUITestsLaunchTests.swift in Sources */ = {isa = PBXBuildFile; fileRef = 873975DA2CC1A06B0022D8D1 /* ReverbDelayCalculatorUITestsLaunchTests.swift */; };
		878392812CC9627200C6E611 /* NaNHoloGigawide-Ultra.ttf in Resources */ = {isa = PBXBuildFile; fileRef = 878392802CC9627200C6E611 /* NaNHoloGigawide-Ultra.ttf */; };
		878392822CC9627200C6E611 /* NaNHoloGigawide-Ultra.ttf in Resources */ = {isa = PBXBuildFile; fileRef = 878392802CC9627200C6E611 /* NaNHoloGigawide-Ultra.ttf */; };
		878392832CC9627200C6E611 /* NaNHoloGigawide-Ultra.ttf in Resources */ = {isa = PBXBuildFile; fileRef = 878392802CC9627200C6E611 /* NaNHoloGigawide-Ultra.ttf */; };
/* End PBXBuildFile section */

/* Begin PBXContainerItemProxy section */
		873975CB2CC1A06A0022D8D1 /* PBXContainerItemProxy */ = {
			isa = PBXContainerItemProxy;
			containerPortal = 873975B22CC1A0690022D8D1 /* Project object */;
			proxyType = 1;
			remoteGlobalIDString = 873975B92CC1A0690022D8D1;
			remoteInfo = ReverbDelayCalculator;
		};
		873975D52CC1A06B0022D8D1 /* PBXContainerItemProxy */ = {
			isa = PBXContainerItemProxy;
			containerPortal = 873975B22CC1A0690022D8D1 /* Project object */;
			proxyType = 1;
			remoteGlobalIDString = 873975B92CC1A0690022D8D1;
			remoteInfo = ReverbDelayCalculator;
		};
/* End PBXContainerItemProxy section */

/* Begin PBXFileReference section */
		873975BA2CC1A0690022D8D1 /* Space & TIme (V1).app */ = {isa = PBXFileReference; explicitFileType = wrapper.application; includeInIndex = 0; path = "Space & TIme (V1).app"; sourceTree = BUILT_PRODUCTS_DIR; };
		873975BD2CC1A0690022D8D1 /* ReverbDelayCalculatorApp.swift */ = {isa = PBXFileReference; lastKnownFileType = sourcecode.swift; path = ReverbDelayCalculatorApp.swift; sourceTree = "<group>"; };
		873975BF2CC1A0690022D8D1 /* ContentView.swift */ = {isa = PBXFileReference; lastKnownFileType = sourcecode.swift; path = ContentView.swift; sourceTree = "<group>"; };
		873975C12CC1A06A0022D8D1 /* Assets.xcassets */ = {isa = PBXFileReference; lastKnownFileType = folder.assetcatalog; path = Assets.xcassets; sourceTree = "<group>"; };
		873975C42CC1A06A0022D8D1 /* Preview Assets.xcassets */ = {isa = PBXFileReference; lastKnownFileType = folder.assetcatalog; path = "Preview Assets.xcassets"; sourceTree = "<group>"; };
		873975CA2CC1A06A0022D8D1 /* Space & TIme (V1)Tests.xctest */ = {isa = PBXFileReference; explicitFileType = wrapper.cfbundle; includeInIndex = 0; path = "Space & TIme (V1)Tests.xctest"; sourceTree = BUILT_PRODUCTS_DIR; };
		873975CE2CC1A06A0022D8D1 /* ReverbDelayCalculatorTests.swift */ = {isa = PBXFileReference; lastKnownFileType = sourcecode.swift; path = ReverbDelayCalculatorTests.swift; sourceTree = "<group>"; };
		873975D42CC1A06B0022D8D1 /* Space & TIme (V1)UITests.xctest */ = {isa = PBXFileReference; explicitFileType = wrapper.cfbundle; includeInIndex = 0; path = "Space & TIme (V1)UITests.xctest"; sourceTree = BUILT_PRODUCTS_DIR; };
		873975D82CC1A06B0022D8D1 /* ReverbDelayCalculatorUITests.swift */ = {isa = PBXFileReference; lastKnownFileType = sourcecode.swift; path = ReverbDelayCalculatorUITests.swift; sourceTree = "<group>"; };
		873975DA2CC1A06B0022D8D1 /* ReverbDelayCalculatorUITestsLaunchTests.swift */ = {isa = PBXFileReference; lastKnownFileType = sourcecode.swift; path = ReverbDelayCalculatorUITestsLaunchTests.swift; sourceTree = "<group>"; };
		878392772CC95F9800C6E611 /* Info.plist */ = {isa = PBXFileReference; lastKnownFileType = text.plist; path = Info.plist; sourceTree = "<group>"; };
		878392802CC9627200C6E611 /* NaNHoloGigawide-Ultra.ttf */ = {isa = PBXFileReference; lastKnownFileType = file; path = "NaNHoloGigawide-Ultra.ttf"; sourceTree = "<group>"; };
/* End PBXFileReference section */

/* Begin PBXFrameworksBuildPhase section */
		873975B72CC1A0690022D8D1 /* Frameworks */ = {
			isa = PBXFrameworksBuildPhase;
			buildActionMask = 2147483647;
			files = (
			);
			runOnlyForDeploymentPostprocessing = 0;
		};
		873975C72CC1A06A0022D8D1 /* Frameworks */ = {
			isa = PBXFrameworksBuildPhase;
			buildActionMask = 2147483647;
			files = (
			);
			runOnlyForDeploymentPostprocessing = 0;
		};
		873975D12CC1A06B0022D8D1 /* Frameworks */ = {
			isa = PBXFrameworksBuildPhase;
			buildActionMask = 2147483647;
			files = (
			);
			runOnlyForDeploymentPostprocessing = 0;
		};
/* End PBXFrameworksBuildPhase section */

/* Begin PBXGroup section */
		873975B12CC1A0690022D8D1 = {
			isa = PBXGroup;
			children = (
				873975BC2CC1A0690022D8D1 /* ReverbDelayCalculator */,
				873975CD2CC1A06A0022D8D1 /* ReverbDelayCalculatorTests */,
				873975D72CC1A06B0022D8D1 /* ReverbDelayCalculatorUITests */,
				873975BB2CC1A0690022D8D1 /* Products */,
			);
			sourceTree = "<group>";
		};
		873975BB2CC1A0690022D8D1 /* Products */ = {
			isa = PBXGroup;
			children = (
				873975BA2CC1A0690022D8D1 /* Space & TIme (V1).app */,
				873975CA2CC1A06A0022D8D1 /* Space & TIme (V1)Tests.xctest */,
				873975D42CC1A06B0022D8D1 /* Space & TIme (V1)UITests.xctest */,
			);
			name = Products;
			sourceTree = "<group>";
		};
		873975BC2CC1A0690022D8D1 /* ReverbDelayCalculator */ = {
			isa = PBXGroup;
			children = (
				878392772CC95F9800C6E611 /* Info.plist */,
				878392802CC9627200C6E611 /* NaNHoloGigawide-Ultra.ttf */,
				873975BD2CC1A0690022D8D1 /* ReverbDelayCalculatorApp.swift */,
				873975BF2CC1A0690022D8D1 /* ContentView.swift */,
				873975C12CC1A06A0022D8D1 /* Assets.xcassets */,
				873975C32CC1A06A0022D8D1 /* Preview Content */,
			);
			path = ReverbDelayCalculator;
			sourceTree = "<group>";
		};
		873975C32CC1A06A0022D8D1 /* Preview Content */ = {
			isa = PBXGroup;
			children = (
				873975C42CC1A06A0022D8D1 /* Preview Assets.xcassets */,
			);
			path = "Preview Content";
			sourceTree = "<group>";
		};
		873975CD2CC1A06A0022D8D1 /* ReverbDelayCalculatorTests */ = {
			isa = PBXGroup;
			children = (
				873975CE2CC1A06A0022D8D1 /* ReverbDelayCalculatorTests.swift */,
			);
			path = ReverbDelayCalculatorTests;
			sourceTree = "<group>";
		};
		873975D72CC1A06B0022D8D1 /* ReverbDelayCalculatorUITests */ = {
			isa = PBXGroup;
			children = (
				873975D82CC1A06B0022D8D1 /* ReverbDelayCalculatorUITests.swift */,
				873975DA2CC1A06B0022D8D1 /* ReverbDelayCalculatorUITestsLaunchTests.swift */,
			);
			path = ReverbDelayCalculatorUITests;
			sourceTree = "<group>";
		};
/* End PBXGroup section */

/* Begin PBXNativeTarget section */
		873975B92CC1A0690022D8D1 /* Space & TIme (V1) */ = {
			isa = PBXNativeTarget;
			buildConfigurationList = 873975DE2CC1A06B0022D8D1 /* Build configuration list for PBXNativeTarget "Space & TIme (V1)" */;
			buildPhases = (
				873975B62CC1A0690022D8D1 /* Sources */,
				873975B72CC1A0690022D8D1 /* Frameworks */,
				873975B82CC1A0690022D8D1 /* Resources */,
			);
			buildRules = (
			);
			dependencies = (
			);
			name = "Space & TIme (V1)";
			productName = ReverbDelayCalculator;
			productReference = 873975BA2CC1A0690022D8D1 /* Space & TIme (V1).app */;
			productType = "com.apple.product-type.application";
		};
		873975C92CC1A06A0022D8D1 /* Space & TIme (V1)Tests */ = {
			isa = PBXNativeTarget;
			buildConfigurationList = 873975E12CC1A06B0022D8D1 /* Build configuration list for PBXNativeTarget "Space & TIme (V1)Tests" */;
			buildPhases = (
				873975C62CC1A06A0022D8D1 /* Sources */,
				873975C72CC1A06A0022D8D1 /* Frameworks */,
				873975C82CC1A06A0022D8D1 /* Resources */,
			);
			buildRules = (
			);
			dependencies = (
				873975CC2CC1A06A0022D8D1 /* PBXTargetDependency */,
			);
			name = "Space & TIme (V1)Tests";
			productName = ReverbDelayCalculatorTests;
			productReference = 873975CA2CC1A06A0022D8D1 /* Space & TIme (V1)Tests.xctest */;
			productType = "com.apple.product-type.bundle.unit-test";
		};
		873975D32CC1A06B0022D8D1 /* Space & TIme (V1)UITests */ = {
			isa = PBXNativeTarget;
			buildConfigurationList = 873975E42CC1A06B0022D8D1 /* Build configuration list for PBXNativeTarget "Space & TIme (V1)UITests" */;
			buildPhases = (
				873975D02CC1A06B0022D8D1 /* Sources */,
				873975D12CC1A06B0022D8D1 /* Frameworks */,
				873975D22CC1A06B0022D8D1 /* Resources */,
			);
			buildRules = (
			);
			dependencies = (
				873975D62CC1A06B0022D8D1 /* PBXTargetDependency */,
			);
			name = "Space & TIme (V1)UITests";
			productName = ReverbDelayCalculatorUITests;
			productReference = 873975D42CC1A06B0022D8D1 /* Space & TIme (V1)UITests.xctest */;
			productType = "com.apple.product-type.bundle.ui-testing";
		};
/* End PBXNativeTarget section */

/* Begin PBXProject section */
		873975B22CC1A0690022D8D1 /* Project object */ = {
			isa = PBXProject;
			attributes = {
				BuildIndependentTargetsInParallel = 1;
				LastSwiftUpdateCheck = 1520;
				LastUpgradeCheck = 1520;
				TargetAttributes = {
					873975B92CC1A0690022D8D1 = {
						CreatedOnToolsVersion = 15.2;
					};
					873975C92CC1A06A0022D8D1 = {
						CreatedOnToolsVersion = 15.2;
						TestTargetID = 873975B92CC1A0690022D8D1;
					};
					873975D32CC1A06B0022D8D1 = {
						CreatedOnToolsVersion = 15.2;
						TestTargetID = 873975B92CC1A0690022D8D1;
					};
				};
			};
			buildConfigurationList = 873975B52CC1A0690022D8D1 /* Build configuration list for PBXProject "Space & TIme (V1)" */;
			compatibilityVersion = "Xcode 14.0";
			developmentRegion = en;
			hasScannedForEncodings = 0;
			knownRegions = (
				en,
				Base,
			);
			mainGroup = 873975B12CC1A0690022D8D1;
			productRefGroup = 873975BB2CC1A0690022D8D1 /* Products */;
			projectDirPath = "";
			projectRoot = "";
			targets = (
				873975B92CC1A0690022D8D1 /* Space & TIme (V1) */,
				873975C92CC1A06A0022D8D1 /* Space & TIme (V1)Tests */,
				873975D32CC1A06B0022D8D1 /* Space & TIme (V1)UITests */,
			);
		};
/* End PBXProject section */

/* Begin PBXResourcesBuildPhase section */
		873975B82CC1A0690022D8D1 /* Resources */ = {
			isa = PBXResourcesBuildPhase;
			buildActionMask = 2147483647;
			files = (
				878392812CC9627200C6E611 /* NaNHoloGigawide-Ultra.ttf in Resources */,
				873975C52CC1A06A0022D8D1 /* Preview Assets.xcassets in Resources */,
				873975C22CC1A06A0022D8D1 /* Assets.xcassets in Resources */,
			);
			runOnlyForDeploymentPostprocessing = 0;
		};
		873975C82CC1A06A0022D8D1 /* Resources */ = {
			isa = PBXResourcesBuildPhase;
			buildActionMask = 2147483647;
			files = (
				878392822CC9627200C6E611 /* NaNHoloGigawide-Ultra.ttf in Resources */,
			);
			runOnlyForDeploymentPostprocessing = 0;
		};
		873975D22CC1A06B0022D8D1 /* Resources */ = {
			isa = PBXResourcesBuildPhase;
			buildActionMask = 2147483647;
			files = (
				878392832CC9627200C6E611 /* NaNHoloGigawide-Ultra.ttf in Resources */,
			);
			runOnlyForDeploymentPostprocessing = 0;
		};
/* End PBXResourcesBuildPhase section */

/* Begin PBXSourcesBuildPhase section */
		873975B62CC1A0690022D8D1 /* Sources */ = {
			isa = PBXSourcesBuildPhase;
			buildActionMask = 2147483647;
			files = (
				873975C02CC1A0690022D8D1 /* ContentView.swift in Sources */,
				873975BE2CC1A0690022D8D1 /* ReverbDelayCalculatorApp.swift in Sources */,
			);
			runOnlyForDeploymentPostprocessing = 0;
		};
		873975C62CC1A06A0022D8D1 /* Sources */ = {
			isa = PBXSourcesBuildPhase;
			buildActionMask = 2147483647;
			files = (
				873975CF2CC1A06A0022D8D1 /* ReverbDelayCalculatorTests.swift in Sources */,
			);
			runOnlyForDeploymentPostprocessing = 0;
		};
		873975D02CC1A06B0022D8D1 /* Sources */ = {
			isa = PBXSourcesBuildPhase;
			buildActionMask = 2147483647;
			files = (
				873975DB2CC1A06B0022D8D1 /* ReverbDelayCalculatorUITestsLaunchTests.swift in Sources */,
				873975D92CC1A06B0022D8D1 /* ReverbDelayCalculatorUITests.swift in Sources */,
			);
			runOnlyForDeploymentPostprocessing = 0;
		};
/* End PBXSourcesBuildPhase section */

/* Begin PBXTargetDependency section */
		873975CC2CC1A06A0022D8D1 /* PBXTargetDependency */ = {
			isa = PBXTargetDependency;
			target = 873975B92CC1A0690022D8D1 /* Space & TIme (V1) */;
			targetProxy = 873975CB2CC1A06A0022D8D1 /* PBXContainerItemProxy */;
		};
		873975D62CC1A06B0022D8D1 /* PBXTargetDependency */ = {
			isa = PBXTargetDependency;
			target = 873975B92CC1A0690022D8D1 /* Space & TIme (V1) */;
			targetProxy = 873975D52CC1A06B0022D8D1 /* PBXContainerItemProxy */;
		};
/* End PBXTargetDependency section */

/* Begin XCBuildConfiguration section */
		873975DC2CC1A06B0022D8D1 /* Debug */ = {
			isa = XCBuildConfiguration;
			buildSettings = {
				ALWAYS_SEARCH_USER_PATHS = NO;
				ASSETCATALOG_COMPILER_GENERATE_SWIFT_ASSET_SYMBOL_EXTENSIONS = YES;
				CLANG_ANALYZER_NONNULL = YES;
				CLANG_ANALYZER_NUMBER_OBJECT_CONVERSION = YES_AGGRESSIVE;
				CLANG_CXX_LANGUAGE_STANDARD = "gnu++20";
				CLANG_ENABLE_MODULES = YES;
				CLANG_ENABLE_OBJC_ARC = YES;
				CLANG_ENABLE_OBJC_WEAK = YES;
				CLANG_WARN_BLOCK_CAPTURE_AUTORELEASING = YES;
				CLANG_WARN_BOOL_CONVERSION = YES;
				CLANG_WARN_COMMA = YES;
				CLANG_WARN_CONSTANT_CONVERSION = YES;
				CLANG_WARN_DEPRECATED_OBJC_IMPLEMENTATIONS = YES;
				CLANG_WARN_DIRECT_OBJC_ISA_USAGE = YES_ERROR;
				CLANG_WARN_DOCUMENTATION_COMMENTS = YES;
				CLANG_WARN_EMPTY_BODY = YES;
				CLANG_WARN_ENUM_CONVERSION = YES;
				CLANG_WARN_INFINITE_RECURSION = YES;
				CLANG_WARN_INT_CONVERSION = YES;
				CLANG_WARN_NON_LITERAL_NULL_CONVERSION = YES;
				CLANG_WARN_OBJC_IMPLICIT_RETAIN_SELF = YES;
				CLANG_WARN_OBJC_LITERAL_CONVERSION = YES;
				CLANG_WARN_OBJC_ROOT_CLASS = YES_ERROR;
				CLANG_WARN_QUOTED_INCLUDE_IN_FRAMEWORK_HEADER = YES;
				CLANG_WARN_RANGE_LOOP_ANALYSIS = YES;
				CLANG_WARN_STRICT_PROTOTYPES = YES;
				CLANG_WARN_SUSPICIOUS_MOVE = YES;
				CLANG_WARN_UNGUARDED_AVAILABILITY = YES_AGGRESSIVE;
				CLANG_WARN_UNREACHABLE_CODE = YES;
				CLANG_WARN__DUPLICATE_METHOD_MATCH = YES;
				COPY_PHASE_STRIP = NO;
				DEBUG_INFORMATION_FORMAT = dwarf;
				ENABLE_STRICT_OBJC_MSGSEND = YES;
				ENABLE_TESTABILITY = YES;
				ENABLE_USER_SCRIPT_SANDBOXING = YES;
				GCC_C_LANGUAGE_STANDARD = gnu17;
				GCC_DYNAMIC_NO_PIC = NO;
				GCC_NO_COMMON_BLOCKS = YES;
				GCC_OPTIMIZATION_LEVEL = 0;
				GCC_PREPROCESSOR_DEFINITIONS = (
					"DEBUG=1",
					"$(inherited)",
				);
				GCC_WARN_64_TO_32_BIT_CONVERSION = YES;
				GCC_WARN_ABOUT_RETURN_TYPE = YES_ERROR;
				GCC_WARN_UNDECLARED_SELECTOR = YES;
				GCC_WARN_UNINITIALIZED_AUTOS = YES_AGGRESSIVE;
				GCC_WARN_UNUSED_FUNCTION = YES;
				GCC_WARN_UNUSED_VARIABLE = YES;
				IPHONEOS_DEPLOYMENT_TARGET = 17.0;
				LOCALIZATION_PREFERS_STRING_CATALOGS = YES;
				MACOSX_DEPLOYMENT_TARGET = 13.5;
				MTL_ENABLE_DEBUG_INFO = INCLUDE_SOURCE;
				MTL_FAST_MATH = YES;
				ONLY_ACTIVE_ARCH = YES;
				SDKROOT = iphoneos;
				SWIFT_ACTIVE_COMPILATION_CONDITIONS = "DEBUG $(inherited)";
				SWIFT_OPTIMIZATION_LEVEL = "-Onone";
			};
			name = Debug;
		};
		873975DD2CC1A06B0022D8D1 /* Release */ = {
			isa = XCBuildConfiguration;
			buildSettings = {
				ALWAYS_SEARCH_USER_PATHS = NO;
				ASSETCATALOG_COMPILER_GENERATE_SWIFT_ASSET_SYMBOL_EXTENSIONS = YES;
				CLANG_ANALYZER_NONNULL = YES;
				CLANG_ANALYZER_NUMBER_OBJECT_CONVERSION = YES_AGGRESSIVE;
				CLANG_CXX_LANGUAGE_STANDARD = "gnu++20";
				CLANG_ENABLE_MODULES = YES;
				CLANG_ENABLE_OBJC_ARC = YES;
				CLANG_ENABLE_OBJC_WEAK = YES;
				CLANG_WARN_BLOCK_CAPTURE_AUTORELEASING = YES;
				CLANG_WARN_BOOL_CONVERSION = YES;
				CLANG_WARN_COMMA = YES;
				CLANG_WARN_CONSTANT_CONVERSION = YES;
				CLANG_WARN_DEPRECATED_OBJC_IMPLEMENTATIONS = YES;
				CLANG_WARN_DIRECT_OBJC_ISA_USAGE = YES_ERROR;
				CLANG_WARN_DOCUMENTATION_COMMENTS = YES;
				CLANG_WARN_EMPTY_BODY = YES;
				CLANG_WARN_ENUM_CONVERSION = YES;
				CLANG_WARN_INFINITE_RECURSION = YES;
				CLANG_WARN_INT_CONVERSION = YES;
				CLANG_WARN_NON_LITERAL_NULL_CONVERSION = YES;
				CLANG_WARN_OBJC_IMPLICIT_RETAIN_SELF = YES;
				CLANG_WARN_OBJC_LITERAL_CONVERSION = YES;
				CLANG_WARN_OBJC_ROOT_CLASS = YES_ERROR;
				CLANG_WARN_QUOTED_INCLUDE_IN_FRAMEWORK_HEADER = YES;
				CLANG_WARN_RANGE_LOOP_ANALYSIS = YES;
				CLANG_WARN_STRICT_PROTOTYPES = YES;
				CLANG_WARN_SUSPICIOUS_MOVE = YES;
				CLANG_WARN_UNGUARDED_AVAILABILITY = YES_AGGRESSIVE;
				CLANG_WARN_UNREACHABLE_CODE = YES;
				CLANG_WARN__DUPLICATE_METHOD_MATCH = YES;
				COPY_PHASE_STRIP = NO;
				DEBUG_INFORMATION_FORMAT = "dwarf-with-dsym";
				ENABLE_NS_ASSERTIONS = NO;
				ENABLE_STRICT_OBJC_MSGSEND = YES;
				ENABLE_USER_SCRIPT_SANDBOXING = YES;
				GCC_C_LANGUAGE_STANDARD = gnu17;
				GCC_NO_COMMON_BLOCKS = YES;
				GCC_WARN_64_TO_32_BIT_CONVERSION = YES;
				GCC_WARN_ABOUT_RETURN_TYPE = YES_ERROR;
				GCC_WARN_UNDECLARED_SELECTOR = YES;
				GCC_WARN_UNINITIALIZED_AUTOS = YES_AGGRESSIVE;
				GCC_WARN_UNUSED_FUNCTION = YES;
				GCC_WARN_UNUSED_VARIABLE = YES;
				IPHONEOS_DEPLOYMENT_TARGET = 17.0;
				LOCALIZATION_PREFERS_STRING_CATALOGS = YES;
				MACOSX_DEPLOYMENT_TARGET = 13.5;
				MTL_ENABLE_DEBUG_INFO = NO;
				MTL_FAST_MATH = YES;
				SDKROOT = iphoneos;
				SWIFT_COMPILATION_MODE = wholemodule;
				VALIDATE_PRODUCT = YES;
			};
			name = Release;
		};
		873975DF2CC1A06B0022D8D1 /* Debug */ = {
			isa = XCBuildConfiguration;
			buildSettings = {
				ASSETCATALOG_COMPILER_APPICON_NAME = AppIcon;
				ASSETCATALOG_COMPILER_GLOBAL_ACCENT_COLOR_NAME = AccentColor;
				ASSETCATALOG_COMPILER_INCLUDE_ALL_APPICON_ASSETS = YES;
				CODE_SIGN_STYLE = Automatic;
				CURRENT_PROJECT_VERSION = 1;
				DEVELOPMENT_ASSET_PATHS = "\"ReverbDelayCalculator/Preview Content\"";
				DEVELOPMENT_TEAM = 6NN472U8JA;
				ENABLE_PREVIEWS = YES;
				GENERATE_INFOPLIST_FILE = YES;
				INFOPLIST_FILE = ReverbDelayCalculator/Info.plist;
				INFOPLIST_KEY_CFBundleDisplayName = "Space & Time";
				INFOPLIST_KEY_LSApplicationCategoryType = "public.app-category.music";
				INFOPLIST_KEY_UIApplicationSceneManifest_Generation = YES;
				INFOPLIST_KEY_UIApplicationSupportsIndirectInputEvents = YES;
				INFOPLIST_KEY_UILaunchScreen_Generation = YES;
				INFOPLIST_KEY_UISupportedInterfaceOrientations_iPad = "UIInterfaceOrientationPortrait UIInterfaceOrientationPortraitUpsideDown UIInterfaceOrientationLandscapeLeft UIInterfaceOrientationLandscapeRight";
				INFOPLIST_KEY_UISupportedInterfaceOrientations_iPhone = "UIInterfaceOrientationPortrait UIInterfaceOrientationLandscapeLeft UIInterfaceOrientationLandscapeRight";
				INFOPLIST_KEY_UISupportsDocumentBrowser = YES;
				IPHONEOS_DEPLOYMENT_TARGET = "";
				LD_RUNPATH_SEARCH_PATHS = (
					"$(inherited)",
					"@executable_path/Frameworks",
				);
				MACOSX_DEPLOYMENT_TARGET = 13.5;
				MARKETING_VERSION = 1.0;
				PRODUCT_BUNDLE_IDENTIFIER = ETAudio.ReverbDelayCalculator;
				PRODUCT_NAME = "$(TARGET_NAME)";
				SUPPORTED_PLATFORMS = macosx;
				SUPPORTS_MACCATALYST = NO;
				SUPPORTS_MAC_DESIGNED_FOR_IPHONE_IPAD = NO;
				SUPPORTS_XR_DESIGNED_FOR_IPHONE_IPAD = NO;
				SWIFT_EMIT_LOC_STRINGS = YES;
				SWIFT_VERSION = 5.0;
				TARGETED_DEVICE_FAMILY = "";
			};
			name = Debug;
		};
		873975E02CC1A06B0022D8D1 /* Release */ = {
			isa = XCBuildConfiguration;
			buildSettings = {
				ASSETCATALOG_COMPILER_APPICON_NAME = AppIcon;
				ASSETCATALOG_COMPILER_GLOBAL_ACCENT_COLOR_NAME = AccentColor;
				ASSETCATALOG_COMPILER_INCLUDE_ALL_APPICON_ASSETS = YES;
				CODE_SIGN_STYLE = Automatic;
				CURRENT_PROJECT_VERSION = 1;
				DEVELOPMENT_ASSET_PATHS = "\"ReverbDelayCalculator/Preview Content\"";
				DEVELOPMENT_TEAM = 6NN472U8JA;
				ENABLE_PREVIEWS = YES;
				GENERATE_INFOPLIST_FILE = YES;
				INFOPLIST_FILE = ReverbDelayCalculator/Info.plist;
				INFOPLIST_KEY_CFBundleDisplayName = "Space & Time";
				INFOPLIST_KEY_LSApplicationCategoryType = "public.app-category.music";
				INFOPLIST_KEY_UIApplicationSceneManifest_Generation = YES;
				INFOPLIST_KEY_UIApplicationSupportsIndirectInputEvents = YES;
				INFOPLIST_KEY_UILaunchScreen_Generation = YES;
				INFOPLIST_KEY_UISupportedInterfaceOrientations_iPad = "UIInterfaceOrientationPortrait UIInterfaceOrientationPortraitUpsideDown UIInterfaceOrientationLandscapeLeft UIInterfaceOrientationLandscapeRight";
				INFOPLIST_KEY_UISupportedInterfaceOrientations_iPhone = "UIInterfaceOrientationPortrait UIInterfaceOrientationLandscapeLeft UIInterfaceOrientationLandscapeRight";
				INFOPLIST_KEY_UISupportsDocumentBrowser = YES;
				IPHONEOS_DEPLOYMENT_TARGET = "";
				LD_RUNPATH_SEARCH_PATHS = (
					"$(inherited)",
					"@executable_path/Frameworks",
				);
				MACOSX_DEPLOYMENT_TARGET = 13.5;
				MARKETING_VERSION = 1.0;
				PRODUCT_BUNDLE_IDENTIFIER = "ETAudio.Space-Time";
				PRODUCT_NAME = "$(TARGET_NAME)";
				SUPPORTED_PLATFORMS = macosx;
				SUPPORTS_MACCATALYST = NO;
				SUPPORTS_MAC_DESIGNED_FOR_IPHONE_IPAD = NO;
				SUPPORTS_XR_DESIGNED_FOR_IPHONE_IPAD = NO;
				SWIFT_EMIT_LOC_STRINGS = YES;
				SWIFT_VERSION = 5.0;
				TARGETED_DEVICE_FAMILY = "";
			};
			name = Release;
		};
		873975E22CC1A06B0022D8D1 /* Debug */ = {
			isa = XCBuildConfiguration;
			buildSettings = {
				ALWAYS_EMBED_SWIFT_STANDARD_LIBRARIES = YES;
				BUNDLE_LOADER = "$(TEST_HOST)";
				CODE_SIGN_STYLE = Automatic;
				CURRENT_PROJECT_VERSION = 1;
				GENERATE_INFOPLIST_FILE = YES;
				IPHONEOS_DEPLOYMENT_TARGET = 17.2;
				MARKETING_VERSION = 1.0;
				PRODUCT_BUNDLE_IDENTIFIER = ETAudio.ReverbDelayCalculatorTests;
				PRODUCT_NAME = "$(TARGET_NAME)";
				SWIFT_EMIT_LOC_STRINGS = NO;
				SWIFT_VERSION = 5.0;
				TARGETED_DEVICE_FAMILY = "1,2";
				TEST_HOST = "$(BUILT_PRODUCTS_DIR)/Space & TIme (V1).app/$(BUNDLE_EXECUTABLE_FOLDER_PATH)/Space & TIme (V1)";
			};
			name = Debug;
		};
		873975E32CC1A06B0022D8D1 /* Release */ = {
			isa = XCBuildConfiguration;
			buildSettings = {
				ALWAYS_EMBED_SWIFT_STANDARD_LIBRARIES = YES;
				BUNDLE_LOADER = "$(TEST_HOST)";
				CODE_SIGN_STYLE = Automatic;
				CURRENT_PROJECT_VERSION = 1;
				GENERATE_INFOPLIST_FILE = YES;
				IPHONEOS_DEPLOYMENT_TARGET = 17.2;
				MARKETING_VERSION = 1.0;
				PRODUCT_BUNDLE_IDENTIFIER = ETAudio.ReverbDelayCalculatorTests;
				PRODUCT_NAME = "$(TARGET_NAME)";
				SWIFT_EMIT_LOC_STRINGS = NO;
				SWIFT_VERSION = 5.0;
				TARGETED_DEVICE_FAMILY = "1,2";
				TEST_HOST = "$(BUILT_PRODUCTS_DIR)/Space & TIme (V1).app/$(BUNDLE_EXECUTABLE_FOLDER_PATH)/Space & TIme (V1)";
			};
			name = Release;
		};
		873975E52CC1A06B0022D8D1 /* Debug */ = {
			isa = XCBuildConfiguration;
			buildSettings = {
				ALWAYS_EMBED_SWIFT_STANDARD_LIBRARIES = YES;
				CODE_SIGN_STYLE = Automatic;
				CURRENT_PROJECT_VERSION = 1;
				GENERATE_INFOPLIST_FILE = YES;
				MARKETING_VERSION = 1.0;
				PRODUCT_BUNDLE_IDENTIFIER = ETAudio.ReverbDelayCalculatorUITests;
				PRODUCT_NAME = "$(TARGET_NAME)";
				SWIFT_EMIT_LOC_STRINGS = NO;
				SWIFT_VERSION = 5.0;
				TARGETED_DEVICE_FAMILY = "1,2";
				TEST_TARGET_NAME = ReverbDelayCalculator;
			};
			name = Debug;
		};
		873975E62CC1A06B0022D8D1 /* Release */ = {
			isa = XCBuildConfiguration;
			buildSettings = {
				ALWAYS_EMBED_SWIFT_STANDARD_LIBRARIES = YES;
				CODE_SIGN_STYLE = Automatic;
				CURRENT_PROJECT_VERSION = 1;
				GENERATE_INFOPLIST_FILE = YES;
				MARKETING_VERSION = 1.0;
				PRODUCT_BUNDLE_IDENTIFIER = ETAudio.ReverbDelayCalculatorUITests;
				PRODUCT_NAME = "$(TARGET_NAME)";
				SWIFT_EMIT_LOC_STRINGS = NO;
				SWIFT_VERSION = 5.0;
				TARGETED_DEVICE_FAMILY = "1,2";
				TEST_TARGET_NAME = ReverbDelayCalculator;
			};
			name = Release;
		};
/* End XCBuildConfiguration section */

/* Begin XCConfigurationList section */
		873975B52CC1A0690022D8D1 /* Build configuration list for PBXProject "Space & TIme (V1)" */ = {
			isa = XCConfigurationList;
			buildConfigurations = (
				873975DC2CC1A06B0022D8D1 /* Debug */,
				873975DD2CC1A06B0022D8D1 /* Release */,
			);
			defaultConfigurationIsVisible = 0;
			defaultConfigurationName = Release;
		};
		873975DE2CC1A06B0022D8D1 /* Build configuration list for PBXNativeTarget "Space & TIme (V1)" */ = {
			isa = XCConfigurationList;
			buildConfigurations = (
				873975DF2CC1A06B0022D8D1 /* Debug */,
				873975E02CC1A06B0022D8D1 /* Release */,
			);
			defaultConfigurationIsVisible = 0;
			defaultConfigurationName = Release;
		};
		873975E12CC1A06B0022D8D1 /* Build configuration list for PBXNativeTarget "Space & TIme (V1)Tests" */ = {
			isa = XCConfigurationList;
			buildConfigurations = (
				873975E22CC1A06B0022D8D1 /* Debug */,
				873975E32CC1A06B0022D8D1 /* Release */,
			);
			defaultConfigurationIsVisible = 0;
			defaultConfigurationName = Release;
		};
		873975E42CC1A06B0022D8D1 /* Build configuration list for PBXNativeTarget "Space & TIme (V1)UITests" */ = {
			isa = XCConfigurationList;
			buildConfigurations = (
				873975E52CC1A06B0022D8D1 /* Debug */,
				873975E62CC1A06B0022D8D1 /* Release */,
			);
			defaultConfigurationIsVisible = 0;
			defaultConfigurationName = Release;
		};
/* End XCConfigurationList section */
	};
	rootObject = 873975B22CC1A0690022D8D1 /* Project object */;
}
